
Microsoft Visual Studio Solution File, Format Version 12.00
# Visual Studio Version 17
VisualStudioVersion = 17.3.32505.426
MinimumVisualStudioVersion = 10.0.40219.1
Project("{FAE04EC0-301F-11D3-BF4B-00C04F79EFBC}") = "UniformityTestCase", "UniformityTestCase\UniformityTestCase.csproj", "{EB156D2B-0C09-498A-8D20-BB22F44E728D}"
EndProject
Project("{FAE04EC0-301F-11D3-BF4B-00C04F79EFBC}") = "LibUniformity", "LibUniformity\LibUniformity.csproj", "{64A389A1-AA09-4015-B911-5EF6EE889DCB}"
EndProject
Global
	GlobalSection(SolutionConfigurationPlatforms) = preSolution
		Debug|Any CPU = Debug|Any CPU
		Release|Any CPU = Release|Any CPU
	EndGlobalSection
	GlobalSection(ProjectConfigurationPlatforms) = postSolution
		{EB156D2B-0C09-498A-8D20-BB22F44E728D}.Debug|Any CPU.ActiveCfg = Debug|Any CPU
		{EB156D2B-0C09-498A-8D20-BB22F44E728D}.Debug|Any CPU.Build.0 = Debug|Any CPU
		{EB156D2B-0C09-498A-8D20-BB22F44E728D}.Release|Any CPU.ActiveCfg = Release|Any CPU
		{EB156D2B-0C09-498A-8D20-BB22F44E728D}.Release|Any CPU.Build.0 = Release|Any CPU
		{64A389A1-AA09-4015-B911-5EF6EE889DCB}.Debug|Any CPU.ActiveCfg = Debug|Any CPU
		{64A389A1-AA09-4015-B911-5EF6EE889DCB}.Debug|Any CPU.Build.0 = Debug|Any CPU
		{64A389A1-AA09-4015-B911-5EF6EE889DCB}.Release|Any CPU.ActiveCfg = Release|Any CPU
		{64A389A1-AA09-4015-B911-5EF6EE889DCB}.Release|Any CPU.Build.0 = Release|Any CPU
	EndGlobalSection
	GlobalSection(SolutionProperties) = preSolution
		HideSolutionNode = FALSE
	EndGlobalSection
	GlobalSection(ExtensibilityGlobals) = postSolution
		SolutionGuid = {08550689-1D56-4A1B-BB3B-7D3E19B46532}
	EndGlobalSection
EndGlobal
